
Microsoft Visual Studio Solution File, Format Version 12.00
# Visual Studio Version 17
VisualStudioVersion = 17.10.35122.118
MinimumVisualStudioVersion = 10.0.40219.1
Project("{8BC9CEB8-8B4A-11D0-8D11-00A0C91BC942}") = "системы_счисления", "системы_счисления\системы_счисления.vcxproj", "{25617F68-B0CF-45D6-AC17-9AC07357A63A}"
EndProject
Global
	GlobalSection(SolutionConfigurationPlatforms) = preSolution
		Debug|x64 = Debug|x64
		Debug|x86 = Debug|x86
		Release|x64 = Release|x64
		Release|x86 = Release|x86
	EndGlobalSection
	GlobalSection(ProjectConfigurationPlatforms) = postSolution
		{25617F68-B0CF-45D6-AC17-9AC07357A63A}.Debug|x64.ActiveCfg = Debug|x64
		{25617F68-B0CF-45D6-AC17-9AC07357A63A}.Debug|x64.Build.0 = Debug|x64
		{25617F68-B0CF-45D6-AC17-9AC07357A63A}.Debug|x86.ActiveCfg = Debug|Win32
		{25617F68-B0CF-45D6-AC17-9AC07357A63A}.Debug|x86.Build.0 = Debug|Win32
		{25617F68-B0CF-45D6-AC17-9AC07357A63A}.Release|x64.ActiveCfg = Release|x64
		{25617F68-B0CF-45D6-AC17-9AC07357A63A}.Release|x64.Build.0 = Release|x64
		{25617F68-B0CF-45D6-AC17-9AC07357A63A}.Release|x86.ActiveCfg = Release|Win32
		{25617F68-B0CF-45D6-AC17-9AC07357A63A}.Release|x86.Build.0 = Release|Win32
	EndGlobalSection
	GlobalSection(SolutionProperties) = preSolution
		HideSolutionNode = FALSE
	EndGlobalSection
	GlobalSection(ExtensibilityGlobals) = postSolution
		SolutionGuid = {86CB41F8-0315-4C8E-9817-403BE6B0A7D6}
	EndGlobalSection
EndGlobal
